# THIS IS AN AUTOGENERATED FILE. DO NOT EDIT THIS FILE DIRECTLY.
# yarn lockfile v1


"@microsoft/signalr@link:../signalr":
  version "0.0.0"
  uid ""

"@msgpack/msgpack@^2.8.0":
  version "2.8.0"
  resolved "https://registry.yarnpkg.com/@msgpack/msgpack/-/msgpack-2.8.0.tgz#4210deb771ee3912964f14a15ddfb5ff877e70b9"
  integrity sha512-h9u4u/jiIRKbq25PM+zymTyW6bhTzELvOoUd+AvYriWOAKpLGnIamaET3pnHYoI5iYphAHBI4ayx0MehR+VVPQ==

querystringify@^2.1.1:
  version "2.2.0"
  resolved "https://registry.yarnpkg.com/querystringify/-/querystringify-2.2.0.tgz#3345941b4153cb9d082d8eee4cda2016a9aef7f6"
  integrity sha512-FIqgj2EUvTa7R50u0rGsyTftzjYmv/a3hO345bZNrqabNqjtgiDMgmo4mkUjd+nzU5oF3dClKqFIPUKybUyqoQ==

requires-port@^1.0.0:
  version "1.0.0"
  resolved "https://registry.yarnpkg.com/requires-port/-/requires-port-1.0.0.tgz#925d2601d39ac485e091cf0da5c6e694dc3dcaff"
  integrity sha1-kl0mAdOaxIXgkc8NpcbmlNw9yv8=

url-parse@>=1.5.0:
  version "1.5.3"
  resolved "https://registry.yarnpkg.com/url-parse/-/url-parse-1.5.3.tgz#71c1303d38fb6639ade183c2992c8cc0686df862"
  integrity sha512-IIORyIQD9rvj0A4CLWsHkBBJuNqWpFQe224b6j9t/ABmquIS0qDU2pY6kl6AuOrL5OkCXHMCFNe1jBcuAggjvQ==
  dependencies:
    querystringify "^2.1.1"
    requires-port "^1.0.0"
